// !$*UTF8*$!
{
	archiveVersion = 1;
	classes = {
	};
	objectVersion = 46;
	objects = {

/* Begin PBXBuildFile section */
		D967D78E1F679382007B7F4D /* AppDelegate.swift in Sources */ = {isa = PBXBuildFile; fileRef = D967D78D1F679382007B7F4D /* AppDelegate.swift */; };
		D967D7901F679382007B7F4D /* ViewController.swift in Sources */ = {isa = PBXBuildFile; fileRef = D967D78F1F679382007B7F4D /* ViewController.swift */; };
		D967D7931F679382007B7F4D /* Main.storyboard in Resources */ = {isa = PBXBuildFile; fileRef = D967D7911F679382007B7F4D /* Main.storyboard */; };
		D967D7951F679382007B7F4D /* Assets.xcassets in Resources */ = {isa = PBXBuildFile; fileRef = D967D7941F679382007B7F4D /* Assets.xcassets */; };
		D967D7981F679382007B7F4D /* LaunchScreen.storyboard in Resources */ = {isa = PBXBuildFile; fileRef = D967D7961F679382007B7F4D /* LaunchScreen.storyboard */; };
/* End PBXBuildFile section */

/* Begin PBXFileReference section */
		D967D78A1F679382007B7F4D /* My test.app */ = {isa = PBXFileReference; explicitFileType = wrapper.application; includeInIndex = 0; path = "My test.app"; sourceTree = BUILT_PRODUCTS_DIR; };
		D967D78D1F679382007B7F4D /* AppDelegate.swift */ = {isa = PBXFileReference; lastKnownFileType = sourcecode.swift; path = AppDelegate.swift; sourceTree = "<group>"; };
		D967D78F1F679382007B7F4D /* ViewController.swift */ = {isa = PBXFileReference; lastKnownFileType = sourcecode.swift; path = ViewController.swift; sourceTree = "<group>"; };
		D967D7921F679382007B7F4D /* Base */ = {isa = PBXFileReference; lastKnownFileType = file.storyboard; name = Base; path = Base.lproj/Main.storyboard; sourceTree = "<group>"; };
		D967D7941F679382007B7F4D /* Assets.xcassets */ = {isa = PBXFileReference; lastKnownFileType = folder.assetcatalog; path = Assets.xcassets; sourceTree = "<group>"; };
		D967D7971F679382007B7F4D /* Base */ = {isa = PBXFileReference; lastKnownFileType = file.storyboard; name = Base; path = Base.lproj/LaunchScreen.storyboard; sourceTree = "<group>"; };
		D967D7991F679382007B7F4D /* Info.plist */ = {isa = PBXFileReference; lastKnownFileType = text.plist.xml; path = Info.plist; sourceTree = "<group>"; };
/* End PBXFileReference section */

/* Begin PBXFrameworksBuildPhase section */
		D967D7871F679382007B7F4D /* Frameworks */ = {
			isa = PBXFrameworksBuildPhase;
			buildActionMask = 2147483647;
			files = (
			);
			runOnlyForDeploymentPostprocessing = 0;
		};
/* End PBXFrameworksBuildPhase section */

/* Begin PBXGroup section */
		D967D7811F679382007B7F4D = {
			isa = PBXGroup;
			children = (
				D967D78C1F679382007B7F4D /* My test */,
				D967D78B1F679382007B7F4D /* Products */,
			);
			sourceTree = "<group>";
		};
		D967D78B1F679382007B7F4D /* Products */ = {
			isa = PBXGroup;
			children = (
				D967D78A1F679382007B7F4D /* My test.app */,
			);
			name = Products;
			sourceTree = "<group>";
		};
		D967D78C1F679382007B7F4D /* My test */ = {
			isa = PBXGroup;
			children = (
				D967D78D1F679382007B7F4D /* AppDelegate.swift */,
				D967D78F1F679382007B7F4D /* ViewController.swift */,
				D967D7911F679382007B7F4D /* Main.storyboard */,
				D967D7941F679382007B7F4D /* Assets.xcassets */,
				D967D7961F679382007B7F4D /* LaunchScreen.storyboard */,
				D967D7991F679382007B7F4D /* Info.plist */,
			);
			path = "My test";
			sourceTree = "<group>";
		};
/* End PBXGroup section */

/* Begin PBXNativeTarget section */
		D967D7891F679382007B7F4D /* My test */ = {
			isa = PBXNativeTarget;
			buildConfigurationList = D967D79C1F679382007B7F4D /* Build configuration list for PBXNativeTarget "My test" */;
			buildPhases = (
				D967D7861F679382007B7F4D /* Sources */,
				D967D7871F679382007B7F4D /* Frameworks */,
				D967D7881F679382007B7F4D /* Resources */,
			);
			buildRules = (
			);
			dependencies = (
			);
			name = "My test";
			productName = "My test";
			productReference = D967D78A1F679382007B7F4D /* My test.app */;
			productType = "com.apple.product-type.application";
		};
/* End PBXNativeTarget section */

/* Begin PBXProject section */
		D967D7821F679382007B7F4D /* Project object */ = {
			isa = PBXProject;
			attributes = {
				LastSwiftUpdateCheck = 0820;
				LastUpgradeCheck = 0820;
				ORGANIZATIONNAME = Muteb;
				TargetAttributes = {
					D967D7891F679382007B7F4D = {
						CreatedOnToolsVersion = 8.2;
						ProvisioningStyle = Automatic;
					};
				};
			};
			buildConfigurationList = D967D7851F679382007B7F4D /* Build configuration list for PBXProject "My test" */;
			compatibilityVersion = "Xcode 3.2";
			developmentRegion = English;
			hasScannedForEncodings = 0;
			knownRegions = (
				en,
				Base,
			);
			mainGroup = D967D7811F679382007B7F4D;
			productRefGroup = D967D78B1F679382007B7F4D /* Products */;
			projectDirPath = "";
			projectRoot = "";
			targets = (
				D967D7891F679382007B7F4D /* My test */,
			);
		};
/* End PBXProject section */

/* Begin PBXResourcesBuildPhase section */
		D967D7881F679382007B7F4D /* Resources */ = {
			isa = PBXResourcesBuildPhase;
			buildActionMask = 2147483647;
			files = (
				D967D7981F679382007B7F4D /* LaunchScreen.storyboard in Resources */,
				D967D7951F679382007B7F4D /* Assets.xcassets in Resources */,
				D967D7931F679382007B7F4D /* Main.storyboard in Resources */,
			);
			runOnlyForDeploymentPostprocessing = 0;
		};
/* End PBXResourcesBuildPhase section */

/* Begin PBXSourcesBuildPhase section */
		D967D7861F679382007B7F4D /* Sources */ = {
			isa = PBXSourcesBuildPhase;
			buildActionMask = 2147483647;
			files = (
				D967D7901F679382007B7F4D /* ViewController.swift in Sources */,
				D967D78E1F679382007B7F4D /* AppDelegate.swift in Sources */,
			);
			runOnlyForDeploymentPostprocessing = 0;
		};
/* End PBXSourcesBuildPhase section */

/* Begin PBXVariantGroup section */
		D967D7911F679382007B7F4D /* Main.storyboard */ = {
			isa = PBXVariantGroup;
			children = (
				D967D7921F679382007B7F4D /* Base */,
			);
			name = Main.storyboard;
			sourceTree = "<group>";
		};
		D967D7961F679382007B7F4D /* LaunchScreen.storyboard */ = {
			isa = PBXVariantGroup;
			children = (
				D967D7971F679382007B7F4D /* Base */,
			);
			name = LaunchScreen.storyboard;
			sourceTree = "<group>";
		};
/* End PBXVariantGroup section */

/* Begin XCBuildConfiguration section */
		D967D79A1F679382007B7F4D /* Debug */ = {
			isa = XCBuildConfiguration;
			buildSettings = {
				ALWAYS_SEARCH_USER_PATHS = NO;
				CLANG_ANALYZER_NONNULL = YES;
				CLANG_CXX_LANGUAGE_STANDARD = "gnu++0x";
				CLANG_CXX_LIBRARY = "libc++";
				CLANG_ENABLE_MODULES = YES;
				CLANG_ENABLE_OBJC_ARC = YES;
				CLANG_WARN_BOOL_CONVERSION = YES;
				CLANG_WARN_CONSTANT_CONVERSION = YES;
				CLANG_WARN_DIRECT_OBJC_ISA_USAGE = YES_ERROR;
				CLANG_WARN_DOCUMENTATION_COMMENTS = YES;
				CLANG_WARN_EMPTY_BODY = YES;
				CLANG_WARN_ENUM_CONVERSION = YES;
				CLANG_WARN_INFINITE_RECURSION = YES;
				CLANG_WARN_INT_CONVERSION = YES;
				CLANG_WARN_OBJC_ROOT_CLASS = YES_ERROR;
				CLANG_WARN_SUSPICIOUS_MOVE = YES;
				CLANG_WARN_UNREACHABLE_CODE = YES;
				CLANG_WARN__DUPLICATE_METHOD_MATCH = YES;
				"CODE_SIGN_IDENTITY[sdk=iphoneos*]" = "iPhone Developer";
				COPY_PHASE_STRIP = NO;
				DEBUG_INFORMATION_FORMAT = dwarf;
				ENABLE_STRICT_OBJC_MSGSEND = YES;
				ENABLE_TESTABILITY = YES;
				GCC_C_LANGUAGE_STANDARD = gnu99;
				GCC_DYNAMIC_NO_PIC = NO;
				GCC_NO_COMMON_BLOCKS = YES;
				GCC_OPTIMIZATION_LEVEL = 0;
				GCC_PREPROCESSOR_DEFINITIONS = (
					"DEBUG=1",
					"$(inherited)",
				);
				GCC_WARN_64_TO_32_BIT_CONVERSION = YES;
				GCC_WARN_ABOUT_RETURN_TYPE = YES_ERROR;
				GCC_WARN_UNDECLARED_SELECTOR = YES;
				GCC_WARN_UNINITIALIZED_AUTOS = YES_AGGRESSIVE;
				GCC_WARN_UNUSED_FUNCTION = YES;
				GCC_WARN_UNUSED_VARIABLE = YES;
				IPHONEOS_DEPLOYMENT_TARGET = 10.2;
				MTL_ENABLE_DEBUG_INFO = YES;
				ONLY_ACTIVE_ARCH = YES;
				SDKROOT = iphoneos;
				SWIFT_ACTIVE_COMPILATION_CONDITIONS = DEBUG;
				SWIFT_OPTIMIZATION_LEVEL = "-Onone";
				TARGETED_DEVICE_FAMILY = "1,2";
			};
			name = Debug;
		};
		D967D79B1F679382007B7F4D /* Release */ = {
			isa = XCBuildConfiguration;
			buildSettings = {
				ALWAYS_SEARCH_USER_PATHS = NO;
				CLANG_ANALYZER_NONNULL = YES;
				CLANG_CXX_LANGUAGE_STANDARD = "gnu++0x";
				CLANG_CXX_LIBRARY = "libc++";
				CLANG_ENABLE_MODULES = YES;
				CLANG_ENABLE_OBJC_ARC = YES;
				CLANG_WARN_BOOL_CONVERSION = YES;
				CLANG_WARN_CONSTANT_CONVERSION = YES;
				CLANG_WARN_DIRECT_OBJC_ISA_USAGE = YES_ERROR;
				CLANG_WARN_DOCUMENTATION_COMMENTS = YES;
				CLANG_WARN_EMPTY_BODY = YES;
				CLANG_WARN_ENUM_CONVERSION = YES;
				CLANG_WARN_INFINITE_RECURSION = YES;
				CLANG_WARN_INT_CONVERSION = YES;
				CLANG_WARN_OBJC_ROOT_CLASS = YES_ERROR;
				CLANG_WARN_SUSPICIOUS_MOVE = YES;
				CLANG_WARN_UNREACHABLE_CODE = YES;
				CLANG_WARN__DUPLICATE_METHOD_MATCH = YES;
				"CODE_SIGN_IDENTITY[sdk=iphoneos*]" = "iPhone Developer";
				COPY_PHASE_STRIP = NO;
				DEBUG_INFORMATION_FORMAT = "dwarf-with-dsym";
				ENABLE_NS_ASSERTIONS = NO;
				ENABLE_STRICT_OBJC_MSGSEND = YES;
				GCC_C_LANGUAGE_STANDARD = gnu99;
				GCC_NO_COMMON_BLOCKS = YES;
				GCC_WARN_64_TO_32_BIT_CONVERSION = YES;
				GCC_WARN_ABOUT_RETURN_TYPE = YES_ERROR;
				GCC_WARN_UNDECLARED_SELECTOR = YES;
				GCC_WARN_UNINITIALIZED_AUTOS = YES_AGGRESSIVE;
				GCC_WARN_UNUSED_FUNCTION = YES;
				GCC_WARN_UNUSED_VARIABLE = YES;
				IPHONEOS_DEPLOYMENT_TARGET = 10.2;
				MTL_ENABLE_DEBUG_INFO = NO;
				SDKROOT = iphoneos;
				SWIFT_OPTIMIZATION_LEVEL = "-Owholemodule";
				TARGETED_DEVICE_FAMILY = "1,2";
				VALIDATE_PRODUCT = YES;
			};
			name = Release;
		};
		D967D79D1F679382007B7F4D /* Debug */ = {
			isa = XCBuildConfiguration;
			buildSettings = {
				ASSETCATALOG_COMPILER_APPICON_NAME = AppIcon;
				INFOPLIST_FILE = "My test/Info.plist";
				LD_RUNPATH_SEARCH_PATHS = "$(inherited) @executable_path/Frameworks";
				PRODUCT_BUNDLE_IDENTIFIER = "com.muteb.My-test";
				PRODUCT_NAME = "$(TARGET_NAME)";
				SWIFT_VERSION = 3.0;
			};
			name = Debug;
		};
		D967D79E1F679382007B7F4D /* Release */ = {
			isa = XCBuildConfiguration;
			buildSettings = {
				ASSETCATALOG_COMPILER_APPICON_NAME = AppIcon;
				INFOPLIST_FILE = "My test/Info.plist";
				LD_RUNPATH_SEARCH_PATHS = "$(inherited) @executable_path/Frameworks";
				PRODUCT_BUNDLE_IDENTIFIER = "com.muteb.My-test";
				PRODUCT_NAME = "$(TARGET_NAME)";
				SWIFT_VERSION = 3.0;
			};
			name = Release;
		};
/* End XCBuildConfiguration section */

/* Begin XCConfigurationList section */
		D967D7851F679382007B7F4D /* Build configuration list for PBXProject "My test" */ = {
			isa = XCConfigurationList;
			buildConfigurations = (
				D967D79A1F679382007B7F4D /* Debug */,
				D967D79B1F679382007B7F4D /* Release */,
			);
			defaultConfigurationIsVisible = 0;
			defaultConfigurationName = Release;
		};
		D967D79C1F679382007B7F4D /* Build configuration list for PBXNativeTarget "My test" */ = {
			isa = XCConfigurationList;
			buildConfigurations = (
				D967D79D1F679382007B7F4D /* Debug */,
				D967D79E1F679382007B7F4D /* Release */,
			);
			defaultConfigurationIsVisible = 0;
		};
/* End XCConfigurationList section */
	};
	rootObject = D967D7821F679382007B7F4D /* Project object */;
}
